{
    "_meta": {
        "hash": {
            "sha256": "25f363bd7309605a064f344de2f2b58ffbfabe93c1991121ba9129355754fc7f"
        },
        "pipfile-spec": 6,
        "requires": {
            "python_version": "3.7"
        },
        "sources": [
            {
                "name": "pypi",
                "url": "https://pypi.org/simple",
                "verify_ssl": true
            }
        ]
    },
    "default": {
        "aniso8601": {
            "hashes": [
                "sha256:1d2b7ef82963909e93c4f24ce48d4de9e66009a21bf1c1e1c85bdd0812fe412f",
                "sha256:72e3117667eedf66951bb2d93f4296a56b94b078a8a95905a052611fb3f1b973"
            ],
            "version": "==9.0.1"
        },
        "certifi": {
            "hashes": [
                "sha256:78884e7c1d4b00ce3cea67b44566851c4343c120abd683433ce934a68ea58872",
                "sha256:d62a0163eb4c2344ac042ab2bdf75399a71a2d8c7d47eac2e2ee91b9d6339569"
            ],
            "version": "==2021.10.8"
        },
        "chardet": {
            "hashes": [
                "sha256:84ab92ed1c4d4f16916e05906b6b75a6c0fb5db821cc65e70cbd64a3e2a5eaae",
                "sha256:fc323ffcaeaed0e0a02bf4d117757b98aed530d9ed4531e3e15460124c106691"
            ],
            "version": "==3.0.4"
        },
        "click": {
            "hashes": [
                "sha256:353f466495adaeb40b6b5f592f9f91cb22372351c84caeb068132442a4518ef3",
                "sha256:410e932b050f5eed773c4cda94de75971c89cdb3155a72a0831139a79e5ecb5b"
            ],
            "markers": "python_version >= '3.6'",
            "version": "==8.0.3"
        },
        "flask": {
            "hashes": [
                "sha256:2271c0070dbcb5275fad4a82e29f23ab92682dc45f9dfbc22c02ba9b9322ce48",
                "sha256:a080b744b7e345ccfcbc77954861cb05b3c63786e93f2b3875e0913d44b43f05"
            ],
            "index": "pypi",
            "version": "==1.0.2"
        },
        "flask-admin": {
            "hashes": [
                "sha256:ca0be6ec11a6913b73f656c65c444ae5be416c57c75638dd3199376ce6bc7422"
            ],
            "index": "pypi",
            "version": "==1.5.3"
        },
        "flask-jwt": {
            "hashes": [
                "sha256:49c0672fbde0f1cd3374bd834918d28956e3c521c7e00089cdc5380d323bd0ad"
            ],
            "index": "pypi",
            "version": "==0.3.2"
        },
        "flask-restful": {
            "hashes": [
                "sha256:ecd620c5cc29f663627f99e04f17d1f16d095c83dc1d618426e2ad68b03092f8",
                "sha256:f8240ec12349afe8df1db168ea7c336c4e5b0271a36982bff7394f93275f2ca9"
            ],
            "index": "pypi",
            "version": "==0.3.7"
        },
        "flask-socketio": {
            "hashes": [
                "sha256:8d8f9f104db5ddff1b06ba322d8e158881d590144199c993fe26cf53218c7edd",
                "sha256:f9b9c95c82b62381862fd3bc55cea7fcc08e787f6bb63fdc79a2f258df2bdc9a"
            ],
            "index": "pypi",
            "version": "==3.3.2"
        },
        "googleapis-common-protos": {
            "hashes": [
                "sha256:a4031d6ec6c2b1b6dc3e0be7e10a1bd72fb0b18b07ef9be7b51f2c1004ce2437",
                "sha256:e54345a2add15dc5e1a7891c27731ff347b4c33765d79b5ed7026a6c0c7cbcae"
            ],
            "markers": "python_version >= '3.6'",
            "version": "==1.54.0"
        },
        "grpcio": {
            "hashes": [
                "sha256:0020b5b0fbe1418cda4dd1810772cc60798464063d4a901eadb550f4c0ccc2cf",
                "sha256:00ff827b3301722a7b2b3a647fda1078ff5c4821dbe32bd0adb3c8ac0bfe5c4d",
                "sha256:07bdaca45538e04aee726d7c5885cddd8d838aeb29b298c5d181e69d5364c3c6",
                "sha256:1362035396051fd5be9efb83a1eaa41a15f0a16e0213c7440387fcb8a8859a11",
                "sha256:15a4c113fcd5630417426198a4b648d03c20164e4837cd879a03af26ef523bfa",
                "sha256:1f10b336530dd0f91269042b085936839ec6ac9104186a6fd1a55745b7b381c8",
                "sha256:327e527115c34e370f25972f6ed0e4f5df8a84fc943d77bed632fff4b53a7191",
                "sha256:3e3e256dcaf6d4ebb8aca07c141bcc1bce7ddd3a140f3625cc764b0bd14b5bc0",
                "sha256:4647b742bc4416f07c548c7abf079394836e560c47a65315f912f3d25406f698",
                "sha256:47aa802456dbe48a48932fba63c20e2c2b62e356a7f0fa52c4d3694ea134a85f",
                "sha256:53e7d73c37ce90f9f4d6c16846b30b404d6f99dbd6c00c68529deb3d36f95d42",
                "sha256:557877087a246c8a957c1ea5a8d436c583fc1b06bfc028b46a6062b1b3e077b4",
                "sha256:5da23c113e81d93d35fd88a1f9736df7c6e375485a71eff3ae4d04ddc7e95441",
                "sha256:6d670addae599d5b010340c9e457dd1a615d7ee627451471e909b1b28fe52aa2",
                "sha256:6fde7553ee57af4087229718ed702ec31b8a978264c5e56c3e04724d7e2d73bb",
                "sha256:708bc3cd31044bd0d3b47f0179cbc107e3ca9fa5271196ce1bc0799cb3cd84c2",
                "sha256:71b6a0b78b481e51f000066485229120f242d3154b8b8a08689b9219038cfe4e",
                "sha256:7bfeeed865b0608a0c4bde6f2dd0151cee8682bf09c1e67abc0820595f51b6b4",
                "sha256:81c567b1b12634e3c30e3afcacd64178b24acbf5a41423e8fde81ebed63b1c4e",
                "sha256:81ecdc63947283f136c41d1ce1836af11d5e9722ebeb1264ebf1de5dff71db0b",
                "sha256:845f8de9baf98f1d6ca7f031b03fb4e0341d587812501f1828f567473c88874c",
                "sha256:8c88fa3f6c995131c9747891f02ec7b7df288a73bf13f49059439afa700dce58",
                "sha256:95a47cbc62ac5f663732430e46bf88604cb96b936294bb8945c30073eba496b7",
                "sha256:99f22f98d3726d660c9c05969ef5cd9551fed03e937df180faef8aa3d8f595a7",
                "sha256:ab82ac1b94bd8a2d0f39d72702f890fc328d82ffccac4e338f6da4b87cec7635",
                "sha256:b06c602e1118cd2f3f80533052f7f407207b6f07f72c488df0f56a682343bf2b",
                "sha256:b2b543eec8bfb1c097561821f9b9a9c40f4705ac62acc5651611a8330b2c6e14",
                "sha256:be4d6e09fbf02d91b83f7a483b09aeed8f295a1a6b63f62b713fcc27ab729aa5",
                "sha256:bfc3914107d7095fd649cbe96fd2329e2fc3b43411b78a1199f00ca86abc27d5",
                "sha256:c3e342707d6bd7a94a98d80ef84ac9c1a62d1bccdbeed5012c69d9f9534d71aa",
                "sha256:cad50488b5675042b3e76bad83d80d9a76921346e57a9ff827bcb9bc1c5e715f",
                "sha256:cd5550a4b10103f688a9c4d1beaf3eff1fe17fcd2df715439258f0ff77715733",
                "sha256:d071b13210c4e139377ccb116e1bd0213ae80afdba25c7b7b54f6392a93b56c3",
                "sha256:d0d296ae91cf2dd7c0140d871cb3d8d59584c3951775cd40951129f93438592d",
                "sha256:d790fc0b2e9f1fd067ce5565be2a2e0018e0ababa17c3bcef25ece57824d7109",
                "sha256:d835b5de806276a73402f3b9e46ab5557aa6906dffb01e37f0db737170c87e13",
                "sha256:dbdf4cea10da555d6ca99be8c14fac2e58b326ea2159895977008d8d5239ca9c",
                "sha256:dc80a10a4c832ef9ee107b2a4f01a04d11fc3bd1b803421c16e980b6febcf4ff",
                "sha256:e1933c2a5f4a5a544d489997668ce49d79a14c03e7b41c34c7796afd814a4c0e",
                "sha256:e77a828716dfbd79f2752fe574fe52aaf2753e1f59ec549356dd91a1b2dcf3ea",
                "sha256:e8f89463461bf8c3de3690be78b20ad28666f49a9df3df7520b187c4f8194065",
                "sha256:eca7aaaf54d7c3fa83adc89cf107a6db065c1059cc1628ae1bb0f88658228bf2",
                "sha256:fe5f7b5eca7dbf6155bffba2d762a80d7e2a89d52911735c74c109fd2a66d326",
                "sha256:ffead2484f45b775bc3e32bd54a1ee35c32006f67cfaa80be3e55d031dcf5a62"
            ],
            "markers": "python_version >= '3.6'",
            "version": "==1.44.0rc2"
        },
        "grpcio-tools": {
            "hashes": [
                "sha256:0371c0b54661a691e2c968f41ac93505f0276c5dc12212474f4e8b685f121997",
                "sha256:0fcc47de5e208b5ae353a372102b6e24bfff18a452a3c18d15efac7710ef25e0",
                "sha256:12a6e762b043cd6bbc147f49bca633fff845006a993d48da184e098ede65a1b3",
                "sha256:162a2bcdebfa4b08f8be29006315d29f3660015b145e09b7c1cf3ce1c802ce98",
                "sha256:1f74b2c2d8406c95576a6225472a1345fcc0b93cf406b7f1f32147c632116134",
                "sha256:20b5e07b214bb46e846cffef1c0a26e256a07f57fe6df5a06d884c09622cb1e2",
                "sha256:22adbfd50c9fa8e9a2d1cb3c32663114cc6b4a0c4693490539fd0da27f6053c1",
                "sha256:2ad57994670fff68c0bb6e79dd74b769310aef9c1b3124817fa4b65f9b1e102f",
                "sha256:2c7ee38f9387640e28da38ea323a22227d953e0bfd3e6035dcc0940d4ca07dbc",
                "sha256:2fd6cc5ccf29d372d4b3064f98733e6066d11a3f6a9c25537e6fa115f9e75a10",
                "sha256:3c335d16d4225c85bc5c0ce3475170e92865b399b15549886c1b0caa73e2c67e",
                "sha256:481043f3aede7f6dd2fc0b4dab37aadcdfe6dc3140a80e3da89ca2f93011ba85",
                "sha256:4f19353c03ce91a3364daced9debff5b75a0e6df753385069de9ccc23cee2813",
                "sha256:5373977ce4eebccf7d027041d66598f54168311ee1946303ea74a4efd344f6d7",
                "sha256:547cb532352370cfe67c41f067657030b6ff164a4649ca00c390ea65e170afa4",
                "sha256:58f058a8a302ab273a36eb51902929d241ac2e43431cf5a225fe3c73db927d26",
                "sha256:5a86468c1d24780ae0d52cbaa1e51ae9b7ff2e46c10c665dd17031337bf19f53",
                "sha256:5d692cac683741648159d9fab7ec8be746ef8fb1c194225f0f057202b225b6a3",
                "sha256:651c4746d9e8c4636ed4a92fca88ee4f37eb980b03dafe390bcc3dadd3692652",
                "sha256:77e8264537bebfac60c2e0d16b35cdf8254954585d9439e26a9a446da823cd02",
                "sha256:788653d05b35a2f36df671136ff990f4e3386dc8bbca1f89b7c41748f6e74f28",
                "sha256:9259599227125464270a8619f5e9dc8d1233b21e91d950cced6b0bb6eb457d5a",
                "sha256:932ecf5175c4c7c2c97d57731ab488f0c014d9e3adb561ddaa3eb5dc7c035b86",
                "sha256:9519e79aee4e53a9fb1e37dcb255559d245cc1bf5500cfccd77db7c92fa012b6",
                "sha256:993d4c097514d4578c8fa1cb4da7bf772f111436487d9dcfac54e3889b44ad61",
                "sha256:9ed6155ee0a29a6c488a081b9e2aa99bdc207bf3cee5d05e8a4d303b4acff1a5",
                "sha256:a21ba09d30aa052e056993826af6ffe71c3efbbd6717db289b9ede121660d504",
                "sha256:a2c01044c0f869c2d9d2ef0fd8fd392975ff8c0d58f5304e955eab53cca32a3f",
                "sha256:a5114f5b82650685ab8030f55ac1b4a870eeb2e2a42d307473cfce1cb998c22d",
                "sha256:ac0f09b5bec6ec6808768fa7151138fccd3ee0a8fdbc2ef5a9cf20ed38a4a793",
                "sha256:b7cfe9b1d1a7a209b87e5c0d0e3232f83d9049b6d1584efef47d4947530bfaad",
                "sha256:bbf8c3f09cf344cf2d01996d2f7ed3c491cfa04c5162fa3a9c5c6592d120c81c",
                "sha256:be7452d72961923b534351b208c04f9db5de9ef58454618e1c6655e1b0686f11",
                "sha256:c82d8eaec211dd29dcd9729bfab4a208afa3880e8c38b2f10a9ec8a8609d2448",
                "sha256:c91b0e44885cac1d395b89445f20d34c7d52caeacc44a71b7a8f48c9be3c3421",
                "sha256:d7233725a333426d31da485ddb3374665ffd2720f031f9f057a9dc5cfd019176",
                "sha256:dac60ff5bf10be01e4d3be523c6528ebbc50bc857d46ea9c337c249b2646942d",
                "sha256:db1bb8f3eff964032a9e9ce0b3fe3629cbe80bf5b7240a138fef0c9ac701a8b0",
                "sha256:dfceb182451f42b6cb790e6e1694d56ef44fa63a867dcd64e1d67dbb93c75c98",
                "sha256:dff49c80611ecc47d5eb82857d40d1d59847ecb9ecaa7d1dd679918105facfcc",
                "sha256:ea631bf5dcca9fa2647eb7f131f5d8be25b889105da56f0f19deeba253b9d5bf",
                "sha256:eafffb74008a36ef229dda3cee0382efda6773fac58cf6a288f0634be5312d77",
                "sha256:f3120d54d50c1a2b9bb25de788f259dc1c9d788fe366e1a0bd490ae1e1617128",
                "sha256:f58fdc0f3eb5d61301345ceeb287b37ebe22a3572b59f02e8bd7e03378ceaf44"
            ],
            "markers": "python_version >= '3.6'",
            "version": "==1.44.0rc2"
        },
        "idna": {
            "hashes": [
                "sha256:c357b3f628cf53ae2c4c05627ecc484553142ca23264e593d327bcde5e9c3407",
                "sha256:ea8b7f6188e6fa117537c3df7da9fc686d485087abf6ac197f9c46432f7e4a3c"
            ],
            "version": "==2.8"
        },
        "importlib-metadata": {
            "hashes": [
                "sha256:899e2a40a8c4a1aec681feef45733de8a6c58f3f6a0dbed2eb6574b4387a77b6",
                "sha256:951f0d8a5b7260e9db5e41d429285b5f451e928479f19d80818878527d36e95e"
            ],
            "markers": "python_version < '3.8'",
            "version": "==4.10.1"
        },
        "itsdangerous": {
            "hashes": [
                "sha256:5174094b9637652bdb841a3029700391451bd092ba3db90600dea710ba28e97c",
                "sha256:9e724d68fc22902a1435351f84c3fb8623f303fffcc566a4cb952df8c572cff0"
            ],
            "markers": "python_version >= '3.6'",
            "version": "==2.0.1"
        },
        "jinja2": {
            "hashes": [
                "sha256:077ce6014f7b40d03b47d1f1ca4b0fc8328a692bd284016f806ed0eaca390ad8",
                "sha256:611bb273cd68f3b993fabdc4064fc858c5b47a973cb5aa7999ec1ba405c87cd7"
            ],
            "markers": "python_version >= '3.6'",
            "version": "==3.0.3"
        },
        "lnd-grpc": {
            "hashes": [
                "sha256:2cc8a2da4459d7efcf078ff3f300f566f2f8bec9ec5a51750ed5d5bb61af4be8",
                "sha256:e2b733a8b6f2fa890063c1d16a79fec41328258904bf5f1d83f282c1f1ed76cf"
            ],
            "index": "pypi",
            "version": "==0.3.1"
        },
        "markupsafe": {
            "hashes": [
                "sha256:01a9b8ea66f1658938f65b93a85ebe8bc016e6769611be228d797c9d998dd298",
                "sha256:023cb26ec21ece8dc3907c0e8320058b2e0cb3c55cf9564da612bc325bed5e64",
                "sha256:0446679737af14f45767963a1a9ef7620189912317d095f2d9ffa183a4d25d2b",
                "sha256:04635854b943835a6ea959e948d19dcd311762c5c0c6e1f0e16ee57022669194",
                "sha256:0717a7390a68be14b8c793ba258e075c6f4ca819f15edfc2a3a027c823718567",
                "sha256:0955295dd5eec6cb6cc2fe1698f4c6d84af2e92de33fbcac4111913cd100a6ff",
                "sha256:0d4b31cc67ab36e3392bbf3862cfbadac3db12bdd8b02a2731f509ed5b829724",
                "sha256:10f82115e21dc0dfec9ab5c0223652f7197feb168c940f3ef61563fc2d6beb74",
                "sha256:168cd0a3642de83558a5153c8bd34f175a9a6e7f6dc6384b9655d2697312a646",
                "sha256:1d609f577dc6e1aa17d746f8bd3c31aa4d258f4070d61b2aa5c4166c1539de35",
                "sha256:1f2ade76b9903f39aa442b4aadd2177decb66525062db244b35d71d0ee8599b6",
                "sha256:20dca64a3ef2d6e4d5d615a3fd418ad3bde77a47ec8a23d984a12b5b4c74491a",
                "sha256:2a7d351cbd8cfeb19ca00de495e224dea7e7d919659c2841bbb7f420ad03e2d6",
                "sha256:2d7d807855b419fc2ed3e631034685db6079889a1f01d5d9dac950f764da3dad",
                "sha256:2ef54abee730b502252bcdf31b10dacb0a416229b72c18b19e24a4509f273d26",
                "sha256:36bc903cbb393720fad60fc28c10de6acf10dc6cc883f3e24ee4012371399a38",
                "sha256:37205cac2a79194e3750b0af2a5720d95f786a55ce7df90c3af697bfa100eaac",
                "sha256:3c112550557578c26af18a1ccc9e090bfe03832ae994343cfdacd287db6a6ae7",
                "sha256:3dd007d54ee88b46be476e293f48c85048603f5f516008bee124ddd891398ed6",
                "sha256:4296f2b1ce8c86a6aea78613c34bb1a672ea0e3de9c6ba08a960efe0b0a09047",
                "sha256:47ab1e7b91c098ab893b828deafa1203de86d0bc6ab587b160f78fe6c4011f75",
                "sha256:49e3ceeabbfb9d66c3aef5af3a60cc43b85c33df25ce03d0031a608b0a8b2e3f",
                "sha256:4dc8f9fb58f7364b63fd9f85013b780ef83c11857ae79f2feda41e270468dd9b",
                "sha256:4efca8f86c54b22348a5467704e3fec767b2db12fc39c6d963168ab1d3fc9135",
                "sha256:53edb4da6925ad13c07b6d26c2a852bd81e364f95301c66e930ab2aef5b5ddd8",
                "sha256:5855f8438a7d1d458206a2466bf82b0f104a3724bf96a1c781ab731e4201731a",
                "sha256:594c67807fb16238b30c44bdf74f36c02cdf22d1c8cda91ef8a0ed8dabf5620a",
                "sha256:5b6d930f030f8ed98e3e6c98ffa0652bdb82601e7a016ec2ab5d7ff23baa78d1",
                "sha256:5bb28c636d87e840583ee3adeb78172efc47c8b26127267f54a9c0ec251d41a9",
                "sha256:60bf42e36abfaf9aff1f50f52644b336d4f0a3fd6d8a60ca0d054ac9f713a864",
                "sha256:611d1ad9a4288cf3e3c16014564df047fe08410e628f89805e475368bd304914",
                "sha256:6300b8454aa6930a24b9618fbb54b5a68135092bc666f7b06901f897fa5c2fee",
                "sha256:63f3268ba69ace99cab4e3e3b5840b03340efed0948ab8f78d2fd87ee5442a4f",
                "sha256:6557b31b5e2c9ddf0de32a691f2312a32f77cd7681d8af66c2692efdbef84c18",
                "sha256:693ce3f9e70a6cf7d2fb9e6c9d8b204b6b39897a2c4a1aa65728d5ac97dcc1d8",
                "sha256:6a7fae0dd14cf60ad5ff42baa2e95727c3d81ded453457771d02b7d2b3f9c0c2",
                "sha256:6c4ca60fa24e85fe25b912b01e62cb969d69a23a5d5867682dd3e80b5b02581d",
                "sha256:6fcf051089389abe060c9cd7caa212c707e58153afa2c649f00346ce6d260f1b",
                "sha256:7d91275b0245b1da4d4cfa07e0faedd5b0812efc15b702576d103293e252af1b",
                "sha256:89c687013cb1cd489a0f0ac24febe8c7a666e6e221b783e53ac50ebf68e45d86",
                "sha256:8d206346619592c6200148b01a2142798c989edcb9c896f9ac9722a99d4e77e6",
                "sha256:905fec760bd2fa1388bb5b489ee8ee5f7291d692638ea5f67982d968366bef9f",
                "sha256:97383d78eb34da7e1fa37dd273c20ad4320929af65d156e35a5e2d89566d9dfb",
                "sha256:984d76483eb32f1bcb536dc27e4ad56bba4baa70be32fa87152832cdd9db0833",
                "sha256:99df47edb6bda1249d3e80fdabb1dab8c08ef3975f69aed437cb69d0a5de1e28",
                "sha256:9f02365d4e99430a12647f09b6cc8bab61a6564363f313126f775eb4f6ef798e",
                "sha256:a30e67a65b53ea0a5e62fe23682cfe22712e01f453b95233b25502f7c61cb415",
                "sha256:ab3ef638ace319fa26553db0624c4699e31a28bb2a835c5faca8f8acf6a5a902",
                "sha256:aca6377c0cb8a8253e493c6b451565ac77e98c2951c45f913e0b52facdcff83f",
                "sha256:add36cb2dbb8b736611303cd3bfcee00afd96471b09cda130da3581cbdc56a6d",
                "sha256:b2f4bf27480f5e5e8ce285a8c8fd176c0b03e93dcc6646477d4630e83440c6a9",
                "sha256:b7f2d075102dc8c794cbde1947378051c4e5180d52d276987b8d28a3bd58c17d",
                "sha256:baa1a4e8f868845af802979fcdbf0bb11f94f1cb7ced4c4b8a351bb60d108145",
                "sha256:be98f628055368795d818ebf93da628541e10b75b41c559fdf36d104c5787066",
                "sha256:bf5d821ffabf0ef3533c39c518f3357b171a1651c1ff6827325e4489b0e46c3c",
                "sha256:c47adbc92fc1bb2b3274c4b3a43ae0e4573d9fbff4f54cd484555edbf030baf1",
                "sha256:cdfba22ea2f0029c9261a4bd07e830a8da012291fbe44dc794e488b6c9bb353a",
                "sha256:d6c7ebd4e944c85e2c3421e612a7057a2f48d478d79e61800d81468a8d842207",
                "sha256:d7f9850398e85aba693bb640262d3611788b1f29a79f0c93c565694658f4071f",
                "sha256:d8446c54dc28c01e5a2dbac5a25f071f6653e6e40f3a8818e8b45d790fe6ef53",
                "sha256:deb993cacb280823246a026e3b2d81c493c53de6acfd5e6bfe31ab3402bb37dd",
                "sha256:e0f138900af21926a02425cf736db95be9f4af72ba1bb21453432a07f6082134",
                "sha256:e9936f0b261d4df76ad22f8fee3ae83b60d7c3e871292cd42f40b81b70afae85",
                "sha256:f0567c4dc99f264f49fe27da5f735f414c4e7e7dd850cfd8e69f0862d7c74ea9",
                "sha256:f5653a225f31e113b152e56f154ccbe59eeb1c7487b39b9d9f9cdb58e6c79dc5",
                "sha256:f826e31d18b516f653fe296d967d700fddad5901ae07c622bb3705955e1faa94",
                "sha256:f8ba0e8349a38d3001fae7eadded3f6606f0da5d748ee53cc1dab1d6527b9509",
                "sha256:f9081981fe268bd86831e5c75f7de206ef275defcb82bc70740ae6dc507aee51",
                "sha256:fa130dd50c57d53368c9d59395cb5526eda596d3ffe36666cd81a44d56e48872"
            ],
            "markers": "python_version >= '3.6'",
            "version": "==2.0.1"
        },
        "peewee": {
            "hashes": [
                "sha256:f0249be468e3b119a8ad83f686e7fe161303197e0534e3cdff8fa5a5417c01a5"
            ],
            "index": "pypi",
            "version": "==3.9.5"
        },
        "protobuf": {
            "hashes": [
                "sha256:013a9ec4dccad9a6ed3aa1ad9e86a25a4e0d6d3bbe059b6f6502db20473c3e69",
                "sha256:0e00b4e4a4800b389ae7f0058e1fc9d012444fdde926569d8cce55c84a01ef74",
                "sha256:11f192d491613f692b3ddc18f06c925785b3019c8e35d32c811421ca9ff7d50e",
                "sha256:25f0ee57684f7bc3f0511b73cf55c016a891d09079c357794759663fe3da9cd3",
                "sha256:2ccc0169b5145b3af676b6997be6fe62961edfc12bb524a7b9c46fb5d208a3d4",
                "sha256:40f031f79b0254aa62082ca87776c0959d85adf99f09cdef9d0b320bb772a609",
                "sha256:44d824adb48fe8baf81e628c2edaf9911912cd592a83621d2b877ccfde631d61",
                "sha256:50f28efa66232a2fbbdd638dd61d9399ff66bcfde40ff305263b229692928081",
                "sha256:51e080fb1de5db54b0a6b1519ba8dda55e57404b0a4948e58f1342a3e15d89ec",
                "sha256:5c2ee13f5ea237a17bd81f52f972b7d334c0a43330d2a2a7b25b07f16eb146d8",
                "sha256:830a9c71df347b3fb3cd24ec985c4ed64f6e75983f543a1d8a3c96302dae915c",
                "sha256:867635c1d541ce336a1a4df3379d1116f02eba6dc326d080c8ef02f34036c415",
                "sha256:94b34486986d7683e83f9d02a0112533263fc20fae54fff3f4fd69451e682ec7",
                "sha256:ae4bcd5a0ce3f77d0523c3e5ed0d04ed2af454f7bf7cef08cb7a8d0915ac80a9",
                "sha256:b04449133e31b65924650d758efbc2397c2d0e5eb3c8cae7428ffc4fa9c3403d",
                "sha256:d892e487bd544463ce1e656434591593f710169335ac3f02ce30ee866c2f2464",
                "sha256:e9f13fadb15b80e4a83ef5d9fa44e19243b1e2d96e84ee2228ca305180ca059e",
                "sha256:ef69a10d45529a08367e70e736b3ce8e2af51360f23650ef1d4381ff9038467a",
                "sha256:f6d10b1f86cebb8008a256f474948fc6204391e02a9c12935eebf036bbb07b65",
                "sha256:fecf1b00ccc87bb8debca8b56458cc57c486d2d7afe22c7526728f79ffe232f4"
            ],
            "index": "pypi",
            "version": "==3.15.0"
        },
        "pyjwt": {
            "hashes": [
                "sha256:87a831b7a3bfa8351511961469ed0462a769724d4da48a501cb8c96d1e17f570",
                "sha256:99fe612dbe5f41e07124d9002c118c14f3ee703574ffa9779fee78135b8b94b6"
            ],
            "version": "==1.4.2"
        },
        "python-engineio": {
            "hashes": [
                "sha256:6e1d26977ffefe3b7da1b5df7a8750aedc7686da8201cd90daf36693db122489",
                "sha256:85986067cb9f7695347954d4e03491f7d45152c5428c07109a9707e04e8942cb"
            ],
            "markers": "python_version >= '3.6'",
            "version": "==4.3.1"
        },
        "python-socketio": {
            "hashes": [
                "sha256:aa702157694d55a743fb6f1cc0bd1af58fbfda8a7d71d747d4b12d6dac29cab3",
                "sha256:cd225eb0bb3b348665727cfaafad1e455ee13b8fd9ea9ff2691082b88b9a9444"
            ],
            "version": "==3.1.2"
        },
        "pytz": {
            "hashes": [
                "sha256:3672058bc3453457b622aab7a1c3bfd5ab0bdae451512f6cf25f64ed37f5b87c",
                "sha256:acad2d8b20a1af07d4e4c9d2e9285c5ed9104354062f275f3fcd88dcef4f1326"
            ],
            "version": "==2021.3"
        },
        "requests": {
            "hashes": [
                "sha256:11e007a8a2aa0323f5a921e9e6a2d7e4e67d9877e85773fba9ba6419025cbeb4",
                "sha256:9cf5292fcd0f598c671cfc1e0d7d1a7f13bb8085e9a590f48c010551dc6c4b31"
            ],
            "index": "pypi",
            "version": "==2.22.0"
        },
        "setuptools": {
            "hashes": [
                "sha256:43a5575eea6d3459789316e1596a3d2a0d215260cacf4189508112f35c9a145b",
                "sha256:66b8598da112b8dc8cd941d54cf63ef91d3b50657b374457eda5851f3ff6a899"
            ],
            "markers": "python_version >= '3.7'",
            "version": "==60.8.2"
        },
        "six": {
            "hashes": [
                "sha256:1e61c37477a1626458e36f7b1d82aa5c9b094fa4802892072e49de9c60c4c926",
                "sha256:8abb2f1d86890a2dfb989f9a77cfcfd3e47c2a354b01111771326f8aa26e0254"
            ],
            "markers": "python_version >= '2.7' and python_version not in '3.0, 3.1, 3.2, 3.3'",
            "version": "==1.16.0"
        },
        "typing-extensions": {
            "hashes": [
                "sha256:4ca091dea149f945ec56afb48dae714f21e8692ef22a395223bcd328961b6a0e",
                "sha256:7f001e5ac290a0c0401508864c7ec868be4e701886d5b573a9528ed3973d9d3b"
            ],
            "markers": "python_version < '3.8'",
            "version": "==4.0.1"
        },
        "urllib3": {
            "hashes": [
                "sha256:8d7eaa5a82a1cac232164990f04874c594c9453ec55eef02eab885aa02fc17a2",
                "sha256:f5321fbe4bf3fefa0efd0bfe7fb14e90909eb62a48ccda331726b4319897dd5e"
            ],
            "markers": "python_version >= '2.7' and python_version not in '3.0, 3.1, 3.2, 3.3, 3.4' and python_version < '4'",
            "version": "==1.25.11"
        },
        "werkzeug": {
            "hashes": [
                "sha256:1421ebfc7648a39a5c58c601b154165d05cf47a3cd0ccb70857cbdacf6c8f2b8",
                "sha256:b863f8ff057c522164b6067c9e28b041161b4be5ba4d0daceeaa50a163822d3c"
            ],
            "markers": "python_version >= '3.6'",
            "version": "==2.0.3"
        },
        "wtf-peewee": {
            "hashes": [
                "sha256:acd05d136c8595da3327fcf9176fa85fdcec1f2aac51d235e46e6fc7a0871283"
            ],
            "index": "pypi",
            "version": "==3.0.0"
        },
        "wtforms": {
            "hashes": [
                "sha256:6b351bbb12dd58af57ffef05bc78425d08d1914e0fd68ee14143b7ade023c5bc",
                "sha256:837f2f0e0ca79481b92884962b914eba4e72b7a2daaf1f939c890ed0124b834b"
            ],
            "markers": "python_version >= '3.7'",
            "version": "==3.0.1"
        },
        "zipp": {
            "hashes": [
                "sha256:9f50f446828eb9d45b267433fd3e9da8d801f614129124863f9c51ebceafb87d",
                "sha256:b47250dd24f92b7dd6a0a8fc5244da14608f3ca90a5efcd37a3b1642fac9a375"
            ],
            "markers": "python_version >= '3.7'",
            "version": "==3.7.0"
        }
    },
    "develop": {
        "appdirs": {
            "hashes": [
                "sha256:7d5d0167b2b1ba821647616af46a749d1c653740dd0d2415100fe26e27afdf41",
                "sha256:a841dacd6b99318a741b166adb07e19ee71a274450e68237b4650ca1055ab128"
            ],
            "version": "==1.4.4"
        },
        "attrs": {
            "hashes": [
                "sha256:2d27e3784d7a565d36ab851fe94887c5eccd6a463168875832a1be79c82828b4",
                "sha256:626ba8234211db98e869df76230a137c4c40a12d72445c45d5f5b716f076e2fd"
            ],
            "markers": "python_version >= '2.7' and python_version not in '3.0, 3.1, 3.2, 3.3, 3.4'",
            "version": "==21.4.0"
        },
        "black": {
            "hashes": [
                "sha256:09a9dcb7c46ed496a9850b76e4e825d6049ecd38b611f1224857a79bd985a8cf",
                "sha256:68950ffd4d9169716bcb8719a56c07a2f4485354fec061cdd5910aa07369731c"
            ],
            "index": "pypi",
            "version": "==19.3b0"
        },
        "click": {
            "hashes": [
                "sha256:353f466495adaeb40b6b5f592f9f91cb22372351c84caeb068132442a4518ef3",
                "sha256:410e932b050f5eed773c4cda94de75971c89cdb3155a72a0831139a79e5ecb5b"
            ],
            "markers": "python_version >= '3.6'",
            "version": "==8.0.3"
        },
        "colorama": {
            "hashes": [
                "sha256:5941b2b48a20143d2267e95b1c2a7603ce057ee39fd88e7329b0c292aa16869b",
                "sha256:9f47eda37229f68eee03b24b9748937c7dc3868f906e8ba69fbcbdd3bc5dc3e2"
            ],
            "markers": "python_version >= '2.7' and python_version not in '3.0, 3.1, 3.2, 3.3, 3.4'",
            "version": "==0.4.4"
        },
        "docopt": {
            "hashes": [
                "sha256:49b3a825280bd66b3aa83585ef59c4a8c82f2c8a522dbe754a8bc8d08c85c491"
            ],
            "version": "==0.6.2"
        },
        "importlib-metadata": {
            "hashes": [
                "sha256:899e2a40a8c4a1aec681feef45733de8a6c58f3f6a0dbed2eb6574b4387a77b6",
                "sha256:951f0d8a5b7260e9db5e41d429285b5f451e928479f19d80818878527d36e95e"
            ],
            "markers": "python_version < '3.8'",
            "version": "==4.10.1"
        },
        "iniconfig": {
            "hashes": [
                "sha256:011e24c64b7f47f6ebd835bb12a743f2fbe9a26d4cecaa7f53bc4f35ee9da8b3",
                "sha256:bc3af051d7d14b2ee5ef9969666def0cd1a000e121eaea580d4a313df4b37f32"
            ],
            "version": "==1.1.1"
        },
        "packaging": {
            "hashes": [
                "sha256:dd47c42927d89ab911e606518907cc2d3a1f38bbd026385970643f9c5b8ecfeb",
                "sha256:ef103e05f519cdc783ae24ea4e2e0f508a9c99b2d4969652eed6a2e1ea5bd522"
            ],
            "markers": "python_version >= '3.6'",
            "version": "==21.3"
        },
        "pluggy": {
            "hashes": [
                "sha256:4224373bacce55f955a878bf9cfa763c1e360858e330072059e10bad68531159",
                "sha256:74134bbf457f031a36d68416e1509f34bd5ccc019f0bcc952c7b909d06b37bd3"
            ],
            "markers": "python_version >= '3.6'",
            "version": "==1.0.0"
        },
        "py": {
            "hashes": [
                "sha256:51c75c4126074b472f746a24399ad32f6053d1b34b68d2fa41e558e6f4a98719",
                "sha256:607c53218732647dff4acdfcd50cb62615cedf612e72d1724fb1a0cc6405b378"
            ],
            "markers": "python_version >= '2.7' and python_version not in '3.0, 3.1, 3.2, 3.3, 3.4'",
            "version": "==1.11.0"
        },
        "pyparsing": {
            "hashes": [
                "sha256:18ee9022775d270c55187733956460083db60b37d0d0fb357445f3094eed3eea",
                "sha256:a6c06a88f252e6c322f65faf8f418b16213b51bdfaece0524c1c1bc30c63c484"
            ],
            "markers": "python_version >= '3.6'",
            "version": "==3.0.7"
        },
        "pytest": {
            "hashes": [
                "sha256:42901e6bd4bd4a0e533358a86e848427a49005a3256f657c5c8f8dd35ef137a9",
                "sha256:dad48ffda394e5ad9aa3b7d7ddf339ed502e5e365b1350e0af65f4a602344b11"
            ],
            "markers": "python_version >= '3.6'",
            "version": "==7.0.0"
        },
        "pytest-watch": {
            "hashes": [
                "sha256:06136f03d5b361718b8d0d234042f7b2f203910d8568f63df2f866b547b3d4b9"
            ],
            "index": "pypi",
            "version": "==4.2.0"
        },
        "toml": {
            "hashes": [
                "sha256:806143ae5bfb6a3c6e736a764057db0e6a0e05e338b5630894a5f779cabb4f9b",
                "sha256:b3bda1d108d5dd99f4a20d24d9c348e91c4db7ab1b749200bded2f839ccbe68f"
            ],
            "markers": "python_version >= '2.6' and python_version not in '3.0, 3.1, 3.2, 3.3'",
            "version": "==0.10.2"
        },
        "tomli": {
            "hashes": [
                "sha256:939de3e7a6161af0c887ef91b7d41a53e7c5a1ca976325f429cb46ea9bc30ecc",
                "sha256:de526c12914f0c550d15924c62d72abc48d6fe7364aa87328337a31007fe8a4f"
            ],
            "markers": "python_version >= '3.7'",
            "version": "==2.0.1"
        },
        "typing-extensions": {
            "hashes": [
                "sha256:4ca091dea149f945ec56afb48dae714f21e8692ef22a395223bcd328961b6a0e",
                "sha256:7f001e5ac290a0c0401508864c7ec868be4e701886d5b573a9528ed3973d9d3b"
            ],
            "markers": "python_version < '3.8'",
            "version": "==4.0.1"
        },
        "watchdog": {
            "hashes": [
                "sha256:25fb5240b195d17de949588628fdf93032ebf163524ef08933db0ea1f99bd685",
                "sha256:3386b367e950a11b0568062b70cc026c6f645428a698d33d39e013aaeda4cc04",
                "sha256:3becdb380d8916c873ad512f1701f8a92ce79ec6978ffde92919fd18d41da7fb",
                "sha256:4ae38bf8ba6f39d5b83f78661273216e7db5b00f08be7592062cb1fc8b8ba542",
                "sha256:8047da932432aa32c515ec1447ea79ce578d0559362ca3605f8e9568f844e3c6",
                "sha256:8f1c00aa35f504197561060ca4c21d3cc079ba29cf6dd2fe61024c70160c990b",
                "sha256:922a69fa533cb0c793b483becaaa0845f655151e7256ec73630a1b2e9ebcb660",
                "sha256:9693f35162dc6208d10b10ddf0458cc09ad70c30ba689d9206e02cd836ce28a3",
                "sha256:a0f1c7edf116a12f7245be06120b1852275f9506a7d90227648b250755a03923",
                "sha256:a36e75df6c767cbf46f61a91c70b3ba71811dfa0aca4a324d9407a06a8b7a2e7",
                "sha256:aba5c812f8ee8a3ff3be51887ca2d55fb8e268439ed44110d3846e4229eb0e8b",
                "sha256:ad6f1796e37db2223d2a3f302f586f74c72c630b48a9872c1e7ae8e92e0ab669",
                "sha256:ae67501c95606072aafa865b6ed47343ac6484472a2f95490ba151f6347acfc2",
                "sha256:b2fcf9402fde2672545b139694284dc3b665fd1be660d73eca6805197ef776a3",
                "sha256:b52b88021b9541a60531142b0a451baca08d28b74a723d0c99b13c8c8d48d604",
                "sha256:b7d336912853d7b77f9b2c24eeed6a5065d0a0cc0d3b6a5a45ad6d1d05fb8cd8",
                "sha256:bd9ba4f332cf57b2c1f698be0728c020399ef3040577cde2939f2e045b39c1e5",
                "sha256:be9be735f827820a06340dff2ddea1fb7234561fa5e6300a62fe7f54d40546a0",
                "sha256:cca7741c0fcc765568350cb139e92b7f9f3c9a08c4f32591d18ab0a6ac9e71b6",
                "sha256:d0d19fb2441947b58fbf91336638c2b9f4cc98e05e1045404d7a4cb7cddc7a65",
                "sha256:e02794ac791662a5eafc6ffeaf9bcc149035a0e48eb0a9d40a8feb4622605a3d",
                "sha256:e0f30db709c939cabf64a6dc5babb276e6d823fd84464ab916f9b9ba5623ca15",
                "sha256:e92c2d33858c8f560671b448205a268096e17870dcf60a9bb3ac7bfbafb7f5f9"
            ],
            "markers": "python_version >= '3.6'",
            "version": "==2.1.6"
        },
        "zipp": {
            "hashes": [
                "sha256:9f50f446828eb9d45b267433fd3e9da8d801f614129124863f9c51ebceafb87d",
                "sha256:b47250dd24f92b7dd6a0a8fc5244da14608f3ca90a5efcd37a3b1642fac9a375"
            ],
            "markers": "python_version >= '3.7'",
            "version": "==3.7.0"
        }
    }
}
