{
    "_meta": {
        "hash": {
            "sha256": "25f363bd7309605a064f344de2f2b58ffbfabe93c1991121ba9129355754fc7f"
        },
        "pipfile-spec": 6,
        "requires": {
            "python_version": "3.7"
        },
        "sources": [
            {
                "name": "pypi",
                "url": "https://pypi.org/simple",
                "verify_ssl": true
            }
        ]
    },
    "default": {
        "aniso8601": {
            "hashes": [
                "sha256:1d2b7ef82963909e93c4f24ce48d4de9e66009a21bf1c1e1c85bdd0812fe412f",
                "sha256:72e3117667eedf66951bb2d93f4296a56b94b078a8a95905a052611fb3f1b973"
            ],
            "version": "==9.0.1"
        },
        "certifi": {
            "hashes": [
                "sha256:1a4995114262bffbc2413b159f2a1a480c969de6e6eb13ee966d470af86af59c",
                "sha256:719a74fb9e33b9bd44cc7f3a8d94bc35e4049deebe19ba7d8e108280cfd59830"
            ],
            "version": "==2020.12.5"
        },
        "chardet": {
            "hashes": [
                "sha256:84ab92ed1c4d4f16916e05906b6b75a6c0fb5db821cc65e70cbd64a3e2a5eaae",
                "sha256:fc323ffcaeaed0e0a02bf4d117757b98aed530d9ed4531e3e15460124c106691"
            ],
            "version": "==3.0.4"
        },
        "click": {
            "hashes": [
                "sha256:06b3a46da3b40f4bbe19b8ea5ba9a34e7925913a9b51608ff0c1d78ef0b814b4",
                "sha256:7340a8666a3e2eff5f2ee778c2d06b606ce9891a61b2ee315e0a3994ffd2226a"
            ],
            "version": "==8.0.0rc1"
        },
        "flask": {
            "hashes": [
                "sha256:2271c0070dbcb5275fad4a82e29f23ab92682dc45f9dfbc22c02ba9b9322ce48",
                "sha256:a080b744b7e345ccfcbc77954861cb05b3c63786e93f2b3875e0913d44b43f05"
            ],
            "index": "pypi",
            "version": "==1.0.2"
        },
        "flask-admin": {
            "hashes": [
                "sha256:ca0be6ec11a6913b73f656c65c444ae5be416c57c75638dd3199376ce6bc7422"
            ],
            "index": "pypi",
            "version": "==1.5.3"
        },
        "flask-jwt": {
            "hashes": [
                "sha256:49c0672fbde0f1cd3374bd834918d28956e3c521c7e00089cdc5380d323bd0ad"
            ],
            "index": "pypi",
            "version": "==0.3.2"
        },
        "flask-restful": {
            "hashes": [
                "sha256:ecd620c5cc29f663627f99e04f17d1f16d095c83dc1d618426e2ad68b03092f8",
                "sha256:f8240ec12349afe8df1db168ea7c336c4e5b0271a36982bff7394f93275f2ca9"
            ],
            "index": "pypi",
            "version": "==0.3.7"
        },
        "flask-socketio": {
            "hashes": [
                "sha256:8d8f9f104db5ddff1b06ba322d8e158881d590144199c993fe26cf53218c7edd",
                "sha256:f9b9c95c82b62381862fd3bc55cea7fcc08e787f6bb63fdc79a2f258df2bdc9a"
            ],
            "index": "pypi",
            "version": "==3.3.2"
        },
        "googleapis-common-protos": {
            "hashes": [
                "sha256:a88ee8903aa0a81f6c3cec2d5cf62d3c8aa67c06439b0496b49048fb1854ebf4",
                "sha256:f6d561ab8fb16b30020b940e2dd01cd80082f4762fa9f3ee670f4419b4b8dbd0"
            ],
            "version": "==1.53.0"
        },
        "grpcio": {
            "hashes": [
                "sha256:025fa7dffb0cf724070cfcbe2ff600a18b0cf84642ede5c92f2717162e2a8c95",
                "sha256:0b8817acef140cb9a3543208c13282d3bf4bb0103e930ddbb779677604085ada",
                "sha256:0d64b5995e17eb9f086e82e6a4edadd1295827b593be71b516e7a442067784b5",
                "sha256:1aab01ee3e4b88ed6419f0b25ff21c83deb6c823c6fb77e655def0796526e3a3",
                "sha256:1de472a3c2a3d89d4d400d8179f2777ec99f7da0e87c0c1f196226141816d621",
                "sha256:22b0cc3531d3c405fae9a8519004a0e62ecbd1f005b55b3622098a4881d36b96",
                "sha256:23666be3ed366f647f09c9caf89c48ca0daa12be8fe4786e5a368a6cd69de1f6",
                "sha256:264f6d9a922f5124f79f50b1880349fd16c657a9b4fdf0f29fca939d40584f7f",
                "sha256:30807f3979ebb3872588fa166876a2a24febe17e0db5950d5bedd67320d11b8c",
                "sha256:30ba9712547c9497a438bfeb2c7f393fa983df1609e1c81243d4b0d1b1bfefbf",
                "sha256:34d6f626062e7ef47ab30ff8976825c58fa8846ccd8c645b57291ccc74b9d413",
                "sha256:37e265b72e69ef8e33efca8d1123bdc349ae3eabb92563e76adfce209c9df51a",
                "sha256:3ee1bef5f5e4208998cdef44933db3c30c52a7ebde424cfc4186404ffded1d35",
                "sha256:4493365334baaa3d775f5e4a91d9a844ac676560232223405a0964dfddb31924",
                "sha256:4850c96d3a22d941b0d6af4dccbc739caec7f367b783aad049c843b28b458ff0",
                "sha256:494cce1709f7cd63c2610c25b41f886048f1d993511ddb23f766b77ac142ba78",
                "sha256:4c0503b5ef6fcabc52c296d750a095ef29fd707d0f85322e95e5c261b3a684f9",
                "sha256:5dabaac759a98bcfd979d22874dcd7ccf8779678a2fe841d355dd93fee143974",
                "sha256:609297d3d5d32f47e04bf7dc61c7756df50bc37dec4dfd63e996388eba42fb3b",
                "sha256:640f49187105fb6c2b1b7acea06df3b0ccf5fe33a075c73b8a741013bc5cc802",
                "sha256:67b482c810d05d9317e29b82900864ab888b9f842701906ba54c3eb176cd8eab",
                "sha256:6ad11c1ea337720a42fc31959bd44a38b8837e3ae25bdab681e2e1a28096b02a",
                "sha256:6f44b8244bafcbea63daff222ae1b27d048b9d8fd47eb3d11e61ee092078e766",
                "sha256:728292f5ccb849f30774c0805ef5c39452b3a5f4d193ac499ae5b78d268ff64b",
                "sha256:74aad86c7c1b9163d01c3d9e75861e9b09c65e0947592ca315c30353a0f6c4d1",
                "sha256:7533d2c9698dd3038fcf3dd0df243b76a9e0db8008f8575c305e20a3593189eb",
                "sha256:7b2a2cf3621f94b123a9d7a68e4a8d948b29520136f096927f7c9653f24c8fca",
                "sha256:80c3c9d24ecd236571d3c86657243431a8bafef022dcce83f9f2aeb6eecb96b9",
                "sha256:8d3cdca5cfd6761a8824bc8acc8ac7bc37ad5ef75899308ca0458cf7952ce12d",
                "sha256:8f5a16f8b650efddd5ff3f750cca5b45c045923be13e79cdd1b886332307f46a",
                "sha256:9364f35949c3cff5470b583a03ccfd927b71cbe1ab7583a6529d5d67ed76e91e",
                "sha256:9674fffd1f599aec7389a61d48c1a8c8aaba69591609895911c6d8386d86dd45",
                "sha256:99a627471275f93d400399b55e4c1d798602ff79d693e7def0a0b276912bff7e",
                "sha256:a1cd40eac72d3c914eea73f8f7730ddbd86061098a8ce712d1ce108e9d87d449",
                "sha256:ac4174b1cf4daea0653fcfee7676bb04a8a43644e9ddf1913834d1542a9c697b",
                "sha256:ad03ff6b15f3481f3c999d5d22b5c56295dffc49b8e2cbdbc04c7bf358d3034e",
                "sha256:b7cc965538da06c9e9cf0e01bae91f274c75baf224ca6a734717c0f003ddf1f2",
                "sha256:b948a00764fee55cf111e0bf3d987167557152abf879f2c13bd2f278a6247ded",
                "sha256:c87599137f6022ed5079b0df47da83134b9810d4b00999b87edfc901347f26a9",
                "sha256:d232802ba15b465000263bc17171f9863173b7669bdd72dbdffdfcc0f6e637dc",
                "sha256:d7ae05ded17c4697ef80784dc89cad3025db0d90c5a8a0ada47a8d0749617d58",
                "sha256:df8305806311d3fe913d4f7eb3ef28e2072159ea12f95baab5d447f1380a71e3",
                "sha256:e236d0580f7e69a35c420ce60f960b294e9dc973b8c31499fa476eb4d4ba4088",
                "sha256:e3e0fb7d32f163699cef5132b060e3f613dc914408164eb3e3ac69095861ea04",
                "sha256:e72d8df53624098d8b1fe01c961888d61f90d7c0aa8116d76db80a535da9b445",
                "sha256:e7da0319003d150611b30cd864e0474a283324b3db9107107aa3ef9a71c53130",
                "sha256:ee0537fe2423307b885ba44e6789249e6d7624247cb38a20b9f38f4b40f5ab03",
                "sha256:f1287ae8a3bef97fd702dac95967aaf52031a6dceb2bd30da165f16e3b617293",
                "sha256:f6a73167fce4a41e5c0b34ceaad1048a14e9eeb4fc324da49da0537c199efab7",
                "sha256:f933dd10948a5e5ed4258a1581e45aec1bb84069e62368084eb2dcf4cce51e78",
                "sha256:fa279b99878bae9b804c09e023f2b47de79d0b5e813ab85ddf28673784d610f0"
            ],
            "version": "==1.37.1"
        },
        "grpcio-tools": {
            "hashes": [
                "sha256:090e73ab4cf648a82c82069c7f8d95d0d2973fbf7101b263c78dd68b3176fcc9",
                "sha256:09c6afaa35b268063fbc5e1c5a698c5d52e82fc9e58484217c9f231ae97fcc23",
                "sha256:0cf44026497f874c8cd0007e724b84950d0f7f70276f9f858c84fddfd06ee946",
                "sha256:2056acc3e8b715e8e7fac343d44ed0e05f294cdf3775d488c7c42159ed6acb4b",
                "sha256:216aa4284c8cc9c491bf8311a10192f9f9b49a7e57463abe1ca7b757fd232f8b",
                "sha256:2a478a074e454fc4d833468597158e03d1cee12dae7106fc93465e646ee7bb8a",
                "sha256:2d43f9537a8f2f78f0def659e95bdd2aedde8672b99f29e9692a6aadea7aaed3",
                "sha256:2dff4eb17b42e3e81e9c68994c84691ade057b132e830545fed8619dd043ad01",
                "sha256:35b2d64ee1cb80074f98dcb6fbc688a35f2d54b01fb2f4cc4727f8e79ef03356",
                "sha256:36a40a3591a9cdb1ee44ce055ec8006743ee686a8989f31f88439c3231a7ee2d",
                "sha256:36a8559fc0475bae6eb2eb18637b1c8ae5d8914cb43d58c3674fe476f534445b",
                "sha256:442c68f9239eab84d3a64f27dfb70c56a0fdb4b6eec56bdd42cb615aad9b3f18",
                "sha256:46e90c20faebff5332ff604fe202104740fd20968e183a12399a3a58135d1f3d",
                "sha256:5ac5043886f9a3f742d18e5d25aef3e951811e780a48b76a53d86955f3e50a12",
                "sha256:63d701170d5dd64b5eaeb291c75de9320b447bfea8df3a21ebb5fa954b792aae",
                "sha256:69e7ab498be6511cf832bf8679394471bb76e684ada6540f57a00030f3ab4d6f",
                "sha256:6a7cd8c81d22d9420c712fa383fb8a4c4f55326037222f0f5095382a8d4d4e1a",
                "sha256:6e2e8415cd975e1d86387ce0e62e4820886cbab7115df0ed8354946535e8ab1b",
                "sha256:78130149ffa40fcf06097788a948c0e52d5ccf848c385306ca4c6d64d9869cf1",
                "sha256:78db6525af7228d1d64e4531be8036b54497100c20af4b1bdad8d0ee07a7c7cb",
                "sha256:7a5367532edea169ea5dee0a2290e81d41ed3352e61dbd2c5b3a6ccbd97dace2",
                "sha256:7c9db39e17a19131e28af4d19099d71525a907b51535e0a6214bb2092b24f63b",
                "sha256:7ce4f0363038fff2e76ab0930633542c52ea8249be91c4922b4d60f2d9c7c798",
                "sha256:878568d44562171f78fda9a048d589955edfc49860b6239ae280395b420bfc66",
                "sha256:8e5e7e2ce74e7145ba59495c1cc3357fa0c62f85e77ed7d5c09dc5be194a8a43",
                "sha256:930181a99d8cf7a05d1b46a658d0f54d6d3359ce1ee100bc1689ab8ada13fe9e",
                "sha256:939402ec6011c527bfa37c63189c0f1f69e585c95b6ca01de1222d81d70838a0",
                "sha256:974677ac643cbd37ecfcd67ac1e33a7182e24bc5b67372a05ec887b230366d5f",
                "sha256:98fcd8d1a7b347f835c1b1d104931a4522cec2c08fc0eafb13a8e7a325a62fed",
                "sha256:9ac5fd7eb16a8bc175ef9a4313cf039d64eae48acb9513ca82c3f6fb9483d0bf",
                "sha256:9d1debe310b5b865c3385b2d3764fe369daf9f046d43f257452de4b5d33b78e9",
                "sha256:a1e8eaa1e381689b71000578856391723f17445861e74df9efad9aa75e94b1ee",
                "sha256:a2fdc548a51bfd10b2ad83c6d811c9618614523c079d09bf85213641d2ba3302",
                "sha256:a464378a9274b99bc683f50e9a494d7c3a326e7f627589981078976d708d8f21",
                "sha256:a5165e6ef456ac14aa631afdeb70fbd154fd3eec0e658bacd1e4c60c4fd73ddb",
                "sha256:b3324cc1e72f88f32a2bed7a2f73f5d4fef00899036e821dea5d98c6f64325bc",
                "sha256:b59c264a4a5c4b0d0e5674f92b887c4bee2a18189ef6e47598c97f4602d22c9b",
                "sha256:b6d31d6ead93209981caafe4961279d064ee4befc2b667fc1de88992f32071b3",
                "sha256:b8bcfca91cc0f76f897735028e3ef0a1c358c3edfdc3f48b36e4f46f3c97efbd",
                "sha256:cab777c7cd107d4a03ec528b660c6443f13fd26bfa14e56b13820420b8423aff",
                "sha256:cba726ebd6198ed5fab03a54ab86212ce45299e00a3c56f65db74081d240cb1c",
                "sha256:ccac333076ad354cdb3bb108d67d0a75d5a93b13eaf81323daff0aa050a40bb3",
                "sha256:cce6bb815241a5ab5d8e70cc137cf9d6005ce9bf73ae23d8364f64fe4b6a8043",
                "sha256:cd603a84ee6778ddaf44ac502c507bbaff31c0c886c1e5243fed85ef8cc93e3b",
                "sha256:d29777e2e82446ae95427755a87ecacd29baaf8081a61ffaf034fbf8064bec56",
                "sha256:d775fb07cc6561174d6c86d11727a156c4ade969f7bf5edf623ffe2a428bee4e",
                "sha256:dfe7f4d1e17dd64ec6aa732418c2f676371a817eb07b9e50e0b71c09ff71ded7",
                "sha256:e71cd8efa06fb1acb55ce3fa256da2d8a0421b279e1a2068acd40c157d2651c5",
                "sha256:ebb2f445cb236f61ea98536da5344fc60c77e6543a048ebef412c25622f36436",
                "sha256:f75d4493a9efea530037cb0b92fecef6d3d712b67b5279fe145399ece632487f",
                "sha256:fd77c94cac4fb925f4d0ee709fb64a54726abe9066ef0181a62b96ca56977033"
            ],
            "version": "==1.37.1"
        },
        "idna": {
            "hashes": [
                "sha256:c357b3f628cf53ae2c4c05627ecc484553142ca23264e593d327bcde5e9c3407",
                "sha256:ea8b7f6188e6fa117537c3df7da9fc686d485087abf6ac197f9c46432f7e4a3c"
            ],
            "version": "==2.8"
        },
        "itsdangerous": {
            "hashes": [
                "sha256:aea4b5c1c81179e92d04142ed2dc6a44642da3909fdb5c7b64e7ea946d4b3bd6",
                "sha256:fe99186c3f66ab0a064c51bedb72772c95b7f919e0ac9feed37f7c4be2745b15"
            ],
            "version": "==2.0.0rc2"
        },
        "jinja2": {
            "hashes": [
                "sha256:8e68a2e702a59a57c86305752df25532472a0dad2b4b2756a1d289c618a9e1f5",
                "sha256:fd581ab32650fec6d24e8f035dd9757f3549ea6e559534d5d2385d4ade7e0fe1"
            ],
            "version": "==3.0.0rc2"
        },
        "lnd-grpc": {
            "hashes": [
                "sha256:2cc8a2da4459d7efcf078ff3f300f566f2f8bec9ec5a51750ed5d5bb61af4be8",
                "sha256:e2b733a8b6f2fa890063c1d16a79fec41328258904bf5f1d83f282c1f1ed76cf"
            ],
            "index": "pypi",
            "version": "==0.3.1"
        },
        "markupsafe": {
            "hashes": [
                "sha256:023be69df51b68f9f1ed42b5959303dad3c153cd958ebb0e34c18251fb967837",
                "sha256:074bbd79cfeba59d5a426e09a7d7a36247b2ba429aaa762d547b101ff1818b74",
                "sha256:07f31078aaa975a1a962a775059cf0dfe6dd2fcafff4c4b5f9df76268ae566e9",
                "sha256:0e371c83c31cee6a659499172f53fe5722c80316bb198eaa492668460fc22378",
                "sha256:152e680f380562ad34277f5d3f066b62eb25d2dda47afc14f76ee49f3cd467e7",
                "sha256:15992536bd3e91defff17579d388475cc60fc3aeff883ac14edbdd079817e0b7",
                "sha256:167a017abf294fc17b3b5098b77667246030ad68d02a59f1fc9b48f65ff836aa",
                "sha256:24fa977011c8d17dae93641376090fc7434babf95128f862bb61fad545afc580",
                "sha256:27051dce1be59d0d1e09bb58e9bdda10f1e546a97c119cf3b88b82a24b48081c",
                "sha256:36afcf88a772054038be74cbfa872074e9c1ac3481e66b8da4967e81150e139e",
                "sha256:41d3b3776bc820c8fcc585df6b49c2a3e245c64a46ad7aa1b21ce08179d9167b",
                "sha256:4d95e90df3e2bc76fa71d524a861083bbac1f1bcaf429c991292518343232e5b",
                "sha256:50ccc0b107e7b95d5a2c55cd9f34d7b4696d3092d4bd231cef56131059653554",
                "sha256:55eb46368cc8a62ff7a15e84cea243403fc514b3d7d13168d55e99eb8a772129",
                "sha256:5c949af1abb37dc23c1ebcee2783a26f0f91b42a4dd6184291e5502c409ac743",
                "sha256:666f687682398f4c26e6b41be8233d3ea86fa9fbad56d98a4cf32110d7675773",
                "sha256:680c521ee5214bf28aa20f90107d2c5d0849b24042e44c17d94d52727af23dcd",
                "sha256:686f3c2e7b2a8e36b2003c952c498bbf24753a35b72e7eccb2d62897f4f59b8e",
                "sha256:6c3b64b774d8c8705a04e28c1c7e2c60705e2b72bfa388d8c863ad0dfce5cbd6",
                "sha256:70bee0400f78ce7e6aa6d2526be515afe7ac1693d9db1f6782ddc3420a4d961c",
                "sha256:746a22773b02c79ea570cf97f92aad7e58938bcd2670de499e349d8430f989ef",
                "sha256:93019a67f12e4e5cf5d4570465fe6ce9a8951be4173e1287e838dff3332a315e",
                "sha256:a7718a137e319e6a61bb4598ec12f7da18553d5d28ae6e21165dfc0d0d90a1b4",
                "sha256:aba3cf1d4d2e8664bace4e4df478e08d4bc2d36d7b59444e10bb7934e2708d87",
                "sha256:ad9dfe60753afa2932ed5adba73a1ff401e3de4106f88b4c31262ebab62b7708",
                "sha256:b24e488972dfadcb0f845f5536c79addc15eb6576548537a38075018e26477f0",
                "sha256:e1ea9b34bec7dbf653edd3361170108cb717b4f49be729e2367f5151d1e938ee",
                "sha256:e3ff50bf999c0f45552761bf4a9138dc0464d887de8f2afeb9d95f7bb03a1ec0",
                "sha256:e792bf8b47441bcf506a09bbffea178398e3dec6c58865e8dd01cc4dcd07685d",
                "sha256:f24aa8c69bd9d61316de172ad19cc6d069da510821585d777960f90b2ed5501c",
                "sha256:f3a67f5ba9452a3287d35e4f174ddfca72a1bb48da09d2e1d35598922c4c1e41",
                "sha256:f6dee1e460629691452bf37419825bba4002fdb4883701c7cd72e5aa42724aa9",
                "sha256:f99fd93e52de0cbe675eda692c238dfde5d09c73c38e497a5a0f9a706f394264",
                "sha256:fd76ae35e33a1af04a63de5ff5fea872b9b01cff079cf895cec3697ded2c433e"
            ],
            "version": "==2.0.0rc2"
        },
        "peewee": {
            "hashes": [
                "sha256:f0249be468e3b119a8ad83f686e7fe161303197e0534e3cdff8fa5a5417c01a5"
            ],
            "index": "pypi",
            "version": "==3.9.5"
        },
        "protobuf": {
            "hashes": [
                "sha256:0b345b4d436c0c062dd97893c53a00e9f8ad6dccaf1f2155383893173146e446",
                "sha256:1453b4245c9f22bbaae5a6aa5df42130aa4060b621b3a269dc116e7bfc42dccd",
                "sha256:1fb0302f223b48a85ef448a8c75b24a3f1ea43a0b605d22d2646a3efdd6d389d",
                "sha256:30c16c0677603cfb518c21ecf0492e81bad6f1301123424dc92b6693a1b22371",
                "sha256:34f20905fdc76ece729788acb3f582f08a6603bd582f18493952de17b6cc4a2e",
                "sha256:6f5ad160f70d57e4b1784835672cb1e66327cb32fea07840929aa4cb50427c3c",
                "sha256:7cbe6381eaad633813e60f9d395777ab241d59933871623bb885ea472d842f50",
                "sha256:924d0aff8c73284ac42a28297e89c33e57f065f543e42cd109314855fd51d98c",
                "sha256:9574411be8a9d8ec158dc6a3bf94c151458cee0befd98c02618b7503cd0fe727",
                "sha256:a47dbb0a10a7630e3167d06fde6abe9464ab1735892cda56ca02de67a3de31d1",
                "sha256:af8cfb7a316faf16ac0388e277757909f5bf801ccbc69c544d401ce1d64e83ae",
                "sha256:bc565ce2c529c39532563c6e75792bfa93c9f8165baccd5bc0fe5875cac3e9ce",
                "sha256:bcb2fbc0fdde450f80a8902f44ac6f7cf9a33b31745f5878572ab72b676ed395",
                "sha256:be6c1728a64d6051b966568abd0c3851c831964803687c99cd46ff3475361ac5",
                "sha256:bf18882fda265ccc3b2918c8b5d5bb9267212b30e368ee3c3c504a5c93fe29bc",
                "sha256:c0643832138094ffa592819db76b30b839ca0251b6c0991e171c2c46bafe18fd",
                "sha256:c839f288228ad5244d62840326749e736285a828a29a10e1739a8780bef09055",
                "sha256:d8c715f0d1ba9dfc348226e256bdd617ba0628f4baa83980288ac3aa85f9bce0",
                "sha256:e8ac8ca3e39424cb16c1c0e639aea2d0c293c51a3814f231ac2c9a7feb602da6",
                "sha256:fe8db771cac91d28a8f824b0c195d38712f16944e10f691dabfd4adc39f3159b"
            ],
            "version": "==3.16.0rc1"
        },
        "pyjwt": {
            "hashes": [
                "sha256:87a831b7a3bfa8351511961469ed0462a769724d4da48a501cb8c96d1e17f570",
                "sha256:99fe612dbe5f41e07124d9002c118c14f3ee703574ffa9779fee78135b8b94b6"
            ],
            "version": "==1.4.2"
        },
        "python-engineio": {
            "hashes": [
                "sha256:21e1bcc62f5573a4bb1c805e69915c5a4c5aa953005dde6c2f707c24554c1020",
                "sha256:c0216b0f9584d6dd632dfd4e2b624d2cf5e97a55443a467f52b928b7e3e08998"
            ],
            "version": "==4.1.0"
        },
        "python-socketio": {
            "hashes": [
                "sha256:aa702157694d55a743fb6f1cc0bd1af58fbfda8a7d71d747d4b12d6dac29cab3",
                "sha256:cd225eb0bb3b348665727cfaafad1e455ee13b8fd9ea9ff2691082b88b9a9444"
            ],
            "version": "==3.1.2"
        },
        "pytz": {
            "hashes": [
                "sha256:83a4a90894bf38e243cf052c8b58f381bfe9a7a483f6a9cab140bc7f702ac4da",
                "sha256:eb10ce3e7736052ed3623d49975ce333bcd712c7bb19a58b9e2089d4057d0798"
            ],
            "version": "==2021.1"
        },
        "requests": {
            "hashes": [
                "sha256:11e007a8a2aa0323f5a921e9e6a2d7e4e67d9877e85773fba9ba6419025cbeb4",
                "sha256:9cf5292fcd0f598c671cfc1e0d7d1a7f13bb8085e9a590f48c010551dc6c4b31"
            ],
            "index": "pypi",
            "version": "==2.22.0"
        },
        "six": {
            "hashes": [
                "sha256:30639c035cdb23534cd4aa2dd52c3bf48f06e5f4a941509c8bafd8ce11080259",
                "sha256:8b74bedcbbbaca38ff6d7491d76f2b06b3592611af620f8426e82dddb04a5ced"
            ],
            "version": "==1.15.0"
        },
        "urllib3": {
            "hashes": [
                "sha256:2f3db8b19923a873b3e5256dc9c2dedfa883e33d87c690d9c7913e1f40673cdc",
                "sha256:87716c2d2a7121198ebcb7ce7cccf6ce5e9ba539041cfbaeecfb641dc0bf6acc"
            ],
            "index": "pypi",
            "version": "==1.25.8"
        },
        "werkzeug": {
            "hashes": [
                "sha256:4158aad4fdfe14d0ffe9f8ae832323e0ed90615b0354c13875f59e8a08e6a6fa",
                "sha256:7fff67401402b565044b26c09201177e62ea212f9c9b809f7624481dd8421975"
            ],
            "version": "==2.0.0rc4"
        },
        "wtf-peewee": {
            "hashes": [
                "sha256:acd05d136c8595da3327fcf9176fa85fdcec1f2aac51d235e46e6fc7a0871283"
            ],
            "index": "pypi",
            "version": "==3.0.0"
        },
        "wtforms": {
            "hashes": [
                "sha256:7ee6e0591777e4ad6779276cd64464bd0a8fc1ce2509b5bb88f936c9426c180c",
                "sha256:cf01f0173ff7124ab30afeee444876a0f576fa5ed9c32f2112c439137077492f"
            ],
            "version": "==3.0.0a1"
        }
    },
    "develop": {
        "appdirs": {
            "hashes": [
                "sha256:7d5d0167b2b1ba821647616af46a749d1c653740dd0d2415100fe26e27afdf41",
                "sha256:a841dacd6b99318a741b166adb07e19ee71a274450e68237b4650ca1055ab128"
            ],
            "version": "==1.4.4"
        },
        "attrs": {
            "hashes": [
                "sha256:31b2eced602aa8423c2aea9c76a724617ed67cf9513173fd3a4f03e3a929c7e6",
                "sha256:832aa3cde19744e49938b91fea06d69ecb9e649c93ba974535d08ad92164f700"
            ],
            "version": "==20.3.0"
        },
        "black": {
            "hashes": [
                "sha256:09a9dcb7c46ed496a9850b76e4e825d6049ecd38b611f1224857a79bd985a8cf",
                "sha256:68950ffd4d9169716bcb8719a56c07a2f4485354fec061cdd5910aa07369731c"
            ],
            "index": "pypi",
            "version": "==19.3b0"
        },
        "click": {
            "hashes": [
                "sha256:06b3a46da3b40f4bbe19b8ea5ba9a34e7925913a9b51608ff0c1d78ef0b814b4",
                "sha256:7340a8666a3e2eff5f2ee778c2d06b606ce9891a61b2ee315e0a3994ffd2226a"
            ],
            "version": "==8.0.0rc1"
        },
        "colorama": {
            "hashes": [
                "sha256:5941b2b48a20143d2267e95b1c2a7603ce057ee39fd88e7329b0c292aa16869b",
                "sha256:9f47eda37229f68eee03b24b9748937c7dc3868f906e8ba69fbcbdd3bc5dc3e2"
            ],
            "version": "==0.4.4"
        },
        "docopt": {
            "hashes": [
                "sha256:49b3a825280bd66b3aa83585ef59c4a8c82f2c8a522dbe754a8bc8d08c85c491"
            ],
            "version": "==0.6.2"
        },
        "importlib-metadata": {
            "hashes": [
                "sha256:8c501196e49fb9df5df43833bdb1e4328f64847763ec8a50703148b73784d581",
                "sha256:d7eb1dea6d6a6086f8be21784cc9e3bcfa55872b52309bc5fad53a8ea444465d"
            ],
            "markers": "python_version < '3.8'",
            "version": "==4.0.1"
        },
        "iniconfig": {
            "hashes": [
                "sha256:011e24c64b7f47f6ebd835bb12a743f2fbe9a26d4cecaa7f53bc4f35ee9da8b3",
                "sha256:bc3af051d7d14b2ee5ef9969666def0cd1a000e121eaea580d4a313df4b37f32"
            ],
            "version": "==1.1.1"
        },
        "packaging": {
            "hashes": [
                "sha256:5b327ac1320dc863dca72f4514ecc086f31186744b84a230374cc1fd776feae5",
                "sha256:67714da7f7bc052e064859c05c595155bd1ee9f69f76557e21f051443c20947a"
            ],
            "version": "==20.9"
        },
        "pluggy": {
            "hashes": [
                "sha256:265a94bf44ca13662f12fcd1b074c14d4b269a712f051b6f644ef7e705d6735f",
                "sha256:467f0219e89bb5061a8429c6fc5cf055fa3983a0e68e84a1d205046306b37d9e"
            ],
            "version": "==1.0.0.dev0"
        },
        "py": {
            "hashes": [
                "sha256:21b81bda15b66ef5e1a777a21c4dcd9c20ad3efd0b3f817e7a809035269e1bd3",
                "sha256:3b80836aa6d1feeaa108e046da6423ab8f6ceda6468545ae8d02d9d58d18818a"
            ],
            "version": "==1.10.0"
        },
        "pyparsing": {
            "hashes": [
                "sha256:1c6409312ce2ce2997896af5756753778d5f1603666dba5587804f09ad82ed27",
                "sha256:f4896b4cc085a1f8f8ae53a1a90db5a86b3825ff73eb974dffee3d9e701007f4"
            ],
            "version": "==3.0.0b2"
        },
        "pytest": {
            "hashes": [
                "sha256:671238a46e4df0f3498d1c3270e5deb9b32d25134c99b7d75370a68cfbe9b634",
                "sha256:6ad9c7bdf517a808242b998ac20063c41532a570d088d77eec1ee12b0b5574bc"
            ],
            "version": "==6.2.3"
        },
        "pytest-watch": {
            "hashes": [
                "sha256:06136f03d5b361718b8d0d234042f7b2f203910d8568f63df2f866b547b3d4b9"
            ],
            "index": "pypi",
            "version": "==4.2.0"
        },
        "toml": {
            "hashes": [
                "sha256:806143ae5bfb6a3c6e736a764057db0e6a0e05e338b5630894a5f779cabb4f9b",
                "sha256:b3bda1d108d5dd99f4a20d24d9c348e91c4db7ab1b749200bded2f839ccbe68f"
            ],
            "version": "==0.10.2"
        },
        "typing-extensions": {
            "hashes": [
                "sha256:7cb407020f00f7bfc3cb3e7881628838e69d8f3fcab2f64742a5e76b2f841918",
                "sha256:99d4073b617d30288f569d3f13d2bd7548c3a7e4c8de87db09a9d29bb3a4a60c",
                "sha256:dafc7639cde7f1b6e1acc0f457842a83e722ccca8eef5270af2d74792619a89f"
            ],
            "markers": "python_version < '3.8'",
            "version": "==3.7.4.3"
        },
        "watchdog": {
            "hashes": [
                "sha256:0ba2c2526dc81a241e3b0f018a447a5ca634fa1f01fc5fa2a07c87ee04d730a7",
                "sha256:1583ee70d78226d897cbc85cfd5b88108340450e0214a704a4919443434d3c32",
                "sha256:3bf9132a6c609ca9fa96df3e8309acaee930b1faf46212d7c296f2bce03f5264",
                "sha256:4288d3a984324db492e57aa169666238a2578f0af5a081685526608fb9f6bd61",
                "sha256:4607156004c36c1cbd8b693b9516a3463646159299404e007cc292f51934c930",
                "sha256:51ad0342ecb4733796e94980f2430b2333e12ead973d3e18f5514cd77a24fa85",
                "sha256:6b760cf207bf4d533155853904047e75eb3a2d629bfd320c3f4f8d07abbc38d5",
                "sha256:7fea9428ab2cd577d7dc571036b2450361802c43d7a546e72eead95c21239c9a",
                "sha256:819d7e77594aa3108f9ad9e896b003914ec778fdf9827d9f940ca5e6db5416ce",
                "sha256:8e82707878e3defc46e8a4d861cde0c89561fba8a91b3609742213fa9d07fc16",
                "sha256:9fe3ea15f9020aa7f129f700341850ee768730c67e89d8256c224c4f26c86670",
                "sha256:a06e595e05cc31a882031367e0f6c2b19160b1d7e881857c16121e3cda32494d",
                "sha256:a679d03f52a9e3ea3efb77b459e9eba05c7c687f48e4d17ce20bc0e36f867d9a",
                "sha256:b565838318e134e41d78f056194dff6bbd7b85fef67f9ee6f01168146bf04048",
                "sha256:b8727f84a3c7dd21138d92186181d015af45168e0af895ffdc553a28019494ef",
                "sha256:be4c578fa148a9cbc64451a3af26c4ee55d59c33f5438bcffc1956092df0888b",
                "sha256:c678b51fb89c76816004c8234ac827977c23912c3826e263adbfb5dbe161e8dc"
            ],
            "version": "==2.0.3"
        },
        "zipp": {
            "hashes": [
                "sha256:3607921face881ba3e026887d8150cca609d517579abe052ac81fc5aeffdbd76",
                "sha256:51cb66cc54621609dd593d1787f286ee42a5c0adbb4b29abea5a63edc3e03098"
            ],
            "version": "==3.4.1"
        }
    }
}
